<?xml version="1.0" encoding="utf-8"?>
<Project ToolsVersion="4.0" xmlns="http://schemas.microsoft.com/developer/msbuild/2003">
  <ItemGroup>
    <Filter Include="Source Files">
      <UniqueIdentifier>{4FC737F1-C7A5-4376-A066-2A32D752A2FF}</UniqueIdentifier>
      <Extensions>cpp;c;cc;cxx;c++;cppm;ixx;def;odl;idl;hpj;bat;asm;asmx</Extensions>
    </Filter>
    <Filter Include="Header Files">
      <UniqueIdentifier>{93995380-89BD-4b04-88EB-625FBE52EBFB}</UniqueIdentifier>
      <Extensions>h;hh;hpp;hxx;h++;hm;inl;inc;ipp;xsd</Extensions>
    </Filter>
    <Filter Include="Resource Files">
      <UniqueIdentifier>{67DA6AB6-F800-4c08-8B7A-83BB121AAD01}</UniqueIdentifier>
      <Extensions>rc;ico;cur;bmp;dlg;rc2;rct;bin;rgs;gif;jpg;jpeg;jpe;resx;tiff;tif;png;wav;mfcribbon-ms</Extensions>
    </Filter>
  </ItemGroup>
  <ItemGroup>
    <ClCompile Include="06-introduction-to-programming-using-cpp-level-2.cpp">
      <Filter>Source Files</Filter>
    </ClCompile>
  </ItemGroup>
  <ItemGroup>
    <ClInclude Include="L02_BreakpointAndMemoryValues.h">
      <Filter>Header Files</Filter>
    </ClInclude>
    <ClInclude Include="L08_CreateYourOwnLibrary.h">
      <Filter>Header Files</Filter>
    </ClInclude>
    <ClInclude Include="L08h_MyFirstLib.h">
      <Filter>Header Files</Filter>
    </ClInclude>
    <ClInclude Include="L08h_Salary.h">
      <Filter>Header Files</Filter>
    </ClInclude>
    <ClInclude Include="L09_TernaryOperatorShortHandIF.h">
      <Filter>Header Files</Filter>
    </ClInclude>
    <ClInclude Include="L09h_ReadNumber.h">
      <Filter>Header Files</Filter>
    </ClInclude>
    <ClInclude Include="L10_RangedLoop.h">
      <Filter>Header Files</Filter>
    </ClInclude>
    <ClInclude Include="L11_ValidateNumber.h">
      <Filter>Header Files</Filter>
    </ClInclude>
    <ClInclude Include="L12_BitwiseANDoperator.h">
      <Filter>Header Files</Filter>
    </ClInclude>
    <ClInclude Include="L13_BitwiseORoperator.h">
      <Filter>Header Files</Filter>
    </ClInclude>
    <ClInclude Include="L14_DeclarationVsDefinition.h">
      <Filter>Header Files</Filter>
    </ClInclude>
    <ClInclude Include="L15_DefaultParameters.h">
      <Filter>Header Files</Filter>
    </ClInclude>
    <ClInclude Include="L16_FunctionOverloading.h">
      <Filter>Header Files</Filter>
    </ClInclude>
    <ClInclude Include="L17_CallStackOrCallHierarchy.h">
      <Filter>Header Files</Filter>
    </ClInclude>
    <ClInclude Include="L18_VSFunctionTips.h">
      <Filter>Header Files</Filter>
    </ClInclude>
    <ClInclude Include="L19_Recursion.h">
      <Filter>Header Files</Filter>
    </ClInclude>
    <ClInclude Include="L20_StaticVariables.h">
      <Filter>Header Files</Filter>
    </ClInclude>
    <ClInclude Include="L21_AutomaticVariables.h">
      <Filter>Header Files</Filter>
    </ClInclude>
    <ClInclude Include="L23_IntegerFormatPrintf.h">
      <Filter>Header Files</Filter>
    </ClInclude>
    <ClInclude Include="L24_FloatFormatPrintf.h">
      <Filter>Header Files</Filter>
    </ClInclude>
    <ClInclude Include="L25_StringandCharFormatPrintf.h">
      <Filter>Header Files</Filter>
    </ClInclude>
    <ClInclude Include="L26_SetwManipulator.h">
      <Filter>Header Files</Filter>
    </ClInclude>
    <ClInclude Include="L27_TwoDimensionalArrays.h">
      <Filter>Header Files</Filter>
    </ClInclude>
    <ClInclude Include="L28_VectorIntroductionDeclarationandInitialization.h">
      <Filter>Header Files</Filter>
    </ClInclude>
    <ClInclude Include="L29_VectorAddElements.h">
      <Filter>Header Files</Filter>
    </ClInclude>
    <ClInclude Include="L30_VectorOfStructure.h">
      <Filter>Header Files</Filter>
    </ClInclude>
    <ClInclude Include="L34_CreatingReferences.h">
      <Filter>Header Files</Filter>
    </ClInclude>
    <ClInclude Include="L35_WhatIsPointer.h">
      <Filter>Header Files</Filter>
    </ClInclude>
    <ClInclude Include="L36_DereferencingPointer.h">
      <Filter>Header Files</Filter>
    </ClInclude>
    <ClInclude Include="L37_CommonMistakesWithPointers.h">
      <Filter>Header Files</Filter>
    </ClInclude>
    <ClInclude Include="L39_CallByReferenceAndUsingPointers.h">
      <Filter>Header Files</Filter>
    </ClInclude>
    <ClInclude Include="L40_PointersAndArrays.h">
      <Filter>Header Files</Filter>
    </ClInclude>
    <ClInclude Include="L41_PointersAndStructure.h">
      <Filter>Header Files</Filter>
    </ClInclude>
    <ClInclude Include="L42_PointerToVoid.h">
      <Filter>Header Files</Filter>
    </ClInclude>
    <ClInclude Include="L43_MemoryManagementNewAndDelete.h">
      <Filter>Header Files</Filter>
    </ClInclude>
    <ClInclude Include="L44_DynamicArraysNewAndDelete.h">
      <Filter>Header Files</Filter>
    </ClInclude>
    <ClInclude Include="L46_AccessElementsInVector.h">
      <Filter>Header Files</Filter>
    </ClInclude>
    <ClInclude Include="L47_ChangeElementsInVector.h">
      <Filter>Header Files</Filter>
    </ClInclude>
    <ClInclude Include="L48_VectorIterators.h">
      <Filter>Header Files</Filter>
    </ClInclude>
  </ItemGroup>
</Project>